
Microsoft Visual Studio Solution File, Format Version 12.00
# Visual Studio Version 17
VisualStudioVersion = 17.11.35222.181
MinimumVisualStudioVersion = 10.0.40219.1
Project("{9A19103F-16F7-4668-BE54-9A1E7A4F7556}") = "JurJurMaker2D.WebApi", "JurJurMaker2D.WebApi.csproj", "{6A714E55-20C3-4AF9-8EEA-034128DADAE5}"
EndProject
Project("{FAE04EC0-301F-11D3-BF4B-00C04F79EFBC}") = "JurJurMaker.Test", "..\JurJurMaker.Test\JurJurMaker.Test.csproj", "{9A51692F-4ACC-41BF-BAFB-73DA594C893F}"
EndProject
Global
	GlobalSection(SolutionConfigurationPlatforms) = preSolution
		Debug|Any CPU = Debug|Any CPU
		Release|Any CPU = Release|Any CPU
	EndGlobalSection
	GlobalSection(ProjectConfigurationPlatforms) = postSolution
		{6A714E55-20C3-4AF9-8EEA-034128DADAE5}.Debug|Any CPU.ActiveCfg = Debug|Any CPU
		{6A714E55-20C3-4AF9-8EEA-034128DADAE5}.Debug|Any CPU.Build.0 = Debug|Any CPU
		{6A714E55-20C3-4AF9-8EEA-034128DADAE5}.Release|Any CPU.ActiveCfg = Release|Any CPU
		{6A714E55-20C3-4AF9-8EEA-034128DADAE5}.Release|Any CPU.Build.0 = Release|Any CPU
		{9A51692F-4ACC-41BF-BAFB-73DA594C893F}.Debug|Any CPU.ActiveCfg = Debug|Any CPU
		{9A51692F-4ACC-41BF-BAFB-73DA594C893F}.Debug|Any CPU.Build.0 = Debug|Any CPU
		{9A51692F-4ACC-41BF-BAFB-73DA594C893F}.Release|Any CPU.ActiveCfg = Release|Any CPU
		{9A51692F-4ACC-41BF-BAFB-73DA594C893F}.Release|Any CPU.Build.0 = Release|Any CPU
	EndGlobalSection
	GlobalSection(SolutionProperties) = preSolution
		HideSolutionNode = FALSE
	EndGlobalSection
	GlobalSection(ExtensibilityGlobals) = postSolution
		SolutionGuid = {B6CC8EE5-8A61-4C03-85B8-2118173D3F78}
	EndGlobalSection
EndGlobal
